// !$*UTF8*$!
{
	archiveVersion = 1;
	classes = {
	};
	objectVersion = 56;
	objects = {

/* Begin PBXBuildFile section */
		E43ED5102A77BF730075D1D6 /* AppDelegate.swift in Sources */ = {isa = PBXBuildFile; fileRef = E43ED50F2A77BF730075D1D6 /* AppDelegate.swift */; };
		E43ED5122A77BF730075D1D6 /* SceneDelegate.swift in Sources */ = {isa = PBXBuildFile; fileRef = E43ED5112A77BF730075D1D6 /* SceneDelegate.swift */; };
		E43ED5142A77BF730075D1D6 /* ViewController.swift in Sources */ = {isa = PBXBuildFile; fileRef = E43ED5132A77BF730075D1D6 /* ViewController.swift */; };
		E43ED5192A77BF750075D1D6 /* Assets.xcassets in Resources */ = {isa = PBXBuildFile; fileRef = E43ED5182A77BF750075D1D6 /* Assets.xcassets */; };
		E43ED51C2A77BF750075D1D6 /* LaunchScreen.storyboard in Resources */ = {isa = PBXBuildFile; fileRef = E43ED51A2A77BF750075D1D6 /* LaunchScreen.storyboard */; };
		E43ED5252A77BFCC0075D1D6 /* DownloadManagerViewController.swift in Sources */ = {isa = PBXBuildFile; fileRef = E43ED5242A77BFCC0075D1D6 /* DownloadManagerViewController.swift */; };
		E43ED5282A77C0060075D1D6 /* DownloadManagerViewController.xib in Resources */ = {isa = PBXBuildFile; fileRef = E43ED5272A77C0060075D1D6 /* DownloadManagerViewController.xib */; };
		E43ED52A2A77C4BF0075D1D6 /* DownloadCell.xib in Resources */ = {isa = PBXBuildFile; fileRef = E43ED5292A77C4BF0075D1D6 /* DownloadCell.xib */; };
		E43ED52C2A77C8780075D1D6 /* DownloadCell.swift in Sources */ = {isa = PBXBuildFile; fileRef = E43ED52B2A77C8780075D1D6 /* DownloadCell.swift */; };
		E43ED52F2A77E9330075D1D6 /* NewDownloadViewController.xib in Resources */ = {isa = PBXBuildFile; fileRef = E43ED52E2A77E9330075D1D6 /* NewDownloadViewController.xib */; };
		E43ED5312A77E9A90075D1D6 /* NewDownloadViewController.swift in Sources */ = {isa = PBXBuildFile; fileRef = E43ED5302A77E9A90075D1D6 /* NewDownloadViewController.swift */; };
		E43ED5342A7898F40075D1D6 /* DownloadManagerViewModel.swift in Sources */ = {isa = PBXBuildFile; fileRef = E43ED5332A7898F40075D1D6 /* DownloadManagerViewModel.swift */; };
		E43ED5372A789CB00075D1D6 /* DownloadManagerComposer.swift in Sources */ = {isa = PBXBuildFile; fileRef = E43ED5362A789CB00075D1D6 /* DownloadManagerComposer.swift */; };
		E488ABCC2A78B518003DAEBF /* NewDowloadViewModel.swift in Sources */ = {isa = PBXBuildFile; fileRef = E488ABCB2A78B518003DAEBF /* NewDowloadViewModel.swift */; };
		E4CC5CDF2A8FB03000112CD4 /* STDownloader.framework in Frameworks */ = {isa = PBXBuildFile; fileRef = E4CC5CDE2A8FB03000112CD4 /* STDownloader.framework */; };
		E4CC5CE02A8FB03000112CD4 /* STDownloader.framework in Embed Frameworks */ = {isa = PBXBuildFile; fileRef = E4CC5CDE2A8FB03000112CD4 /* STDownloader.framework */; settings = {ATTRIBUTES = (CodeSignOnCopy, RemoveHeadersOnCopy, ); }; };
/* End PBXBuildFile section */

/* Begin PBXCopyFilesBuildPhase section */
		E4CC5CE12A8FB03100112CD4 /* Embed Frameworks */ = {
			isa = PBXCopyFilesBuildPhase;
			buildActionMask = 2147483647;
			dstPath = "";
			dstSubfolderSpec = 10;
			files = (
				E4CC5CE02A8FB03000112CD4 /* STDownloader.framework in Embed Frameworks */,
			);
			name = "Embed Frameworks";
			runOnlyForDeploymentPostprocessing = 0;
		};
/* End PBXCopyFilesBuildPhase section */

/* Begin PBXFileReference section */
		E43ED50C2A77BF730075D1D6 /* DownloadManager.app */ = {isa = PBXFileReference; explicitFileType = wrapper.application; includeInIndex = 0; path = DownloadManager.app; sourceTree = BUILT_PRODUCTS_DIR; };
		E43ED50F2A77BF730075D1D6 /* AppDelegate.swift */ = {isa = PBXFileReference; lastKnownFileType = sourcecode.swift; path = AppDelegate.swift; sourceTree = "<group>"; };
		E43ED5112A77BF730075D1D6 /* SceneDelegate.swift */ = {isa = PBXFileReference; indentWidth = 4; lastKnownFileType = sourcecode.swift; path = SceneDelegate.swift; sourceTree = "<group>"; tabWidth = 4; };
		E43ED5132A77BF730075D1D6 /* ViewController.swift */ = {isa = PBXFileReference; lastKnownFileType = sourcecode.swift; path = ViewController.swift; sourceTree = "<group>"; };
		E43ED5182A77BF750075D1D6 /* Assets.xcassets */ = {isa = PBXFileReference; lastKnownFileType = folder.assetcatalog; path = Assets.xcassets; sourceTree = "<group>"; };
		E43ED51B2A77BF750075D1D6 /* Base */ = {isa = PBXFileReference; lastKnownFileType = file.storyboard; name = Base; path = Base.lproj/LaunchScreen.storyboard; sourceTree = "<group>"; };
		E43ED51D2A77BF750075D1D6 /* Info.plist */ = {isa = PBXFileReference; lastKnownFileType = text.plist.xml; path = Info.plist; sourceTree = "<group>"; };
		E43ED5242A77BFCC0075D1D6 /* DownloadManagerViewController.swift */ = {isa = PBXFileReference; lastKnownFileType = sourcecode.swift; path = DownloadManagerViewController.swift; sourceTree = "<group>"; };
		E43ED5272A77C0060075D1D6 /* DownloadManagerViewController.xib */ = {isa = PBXFileReference; lastKnownFileType = file.xib; path = DownloadManagerViewController.xib; sourceTree = "<group>"; };
		E43ED5292A77C4BF0075D1D6 /* DownloadCell.xib */ = {isa = PBXFileReference; lastKnownFileType = file.xib; path = DownloadCell.xib; sourceTree = "<group>"; };
		E43ED52B2A77C8780075D1D6 /* DownloadCell.swift */ = {isa = PBXFileReference; lastKnownFileType = sourcecode.swift; path = DownloadCell.swift; sourceTree = "<group>"; };
		E43ED52E2A77E9330075D1D6 /* NewDownloadViewController.xib */ = {isa = PBXFileReference; lastKnownFileType = file.xib; path = NewDownloadViewController.xib; sourceTree = "<group>"; };
		E43ED5302A77E9A90075D1D6 /* NewDownloadViewController.swift */ = {isa = PBXFileReference; lastKnownFileType = sourcecode.swift; path = NewDownloadViewController.swift; sourceTree = "<group>"; };
		E43ED5332A7898F40075D1D6 /* DownloadManagerViewModel.swift */ = {isa = PBXFileReference; indentWidth = 4; lastKnownFileType = sourcecode.swift; path = DownloadManagerViewModel.swift; sourceTree = "<group>"; tabWidth = 4; };
		E43ED5362A789CB00075D1D6 /* DownloadManagerComposer.swift */ = {isa = PBXFileReference; indentWidth = 4; lastKnownFileType = sourcecode.swift; path = DownloadManagerComposer.swift; sourceTree = "<group>"; tabWidth = 4; };
		E488ABCB2A78B518003DAEBF /* NewDowloadViewModel.swift */ = {isa = PBXFileReference; indentWidth = 4; lastKnownFileType = sourcecode.swift; path = NewDowloadViewModel.swift; sourceTree = "<group>"; tabWidth = 4; };
		E4CC5CA22A8FAB9100112CD4 /* Downloader.framework */ = {isa = PBXFileReference; explicitFileType = wrapper.framework; path = Downloader.framework; sourceTree = BUILT_PRODUCTS_DIR; };
		E4CC5CA62A8FACA600112CD4 /* Downloader.framework */ = {isa = PBXFileReference; explicitFileType = wrapper.framework; path = Downloader.framework; sourceTree = BUILT_PRODUCTS_DIR; };
		E4CC5CDE2A8FB03000112CD4 /* STDownloader.framework */ = {isa = PBXFileReference; explicitFileType = wrapper.framework; path = STDownloader.framework; sourceTree = BUILT_PRODUCTS_DIR; };
/* End PBXFileReference section */

/* Begin PBXFrameworksBuildPhase section */
		E43ED5092A77BF730075D1D6 /* Frameworks */ = {
			isa = PBXFrameworksBuildPhase;
			buildActionMask = 2147483647;
			files = (
				E4CC5CDF2A8FB03000112CD4 /* STDownloader.framework in Frameworks */,
			);
			runOnlyForDeploymentPostprocessing = 0;
		};
/* End PBXFrameworksBuildPhase section */

/* Begin PBXGroup section */
		E43ED5032A77BF730075D1D6 = {
			isa = PBXGroup;
			children = (
				E43ED50E2A77BF730075D1D6 /* DownloadManager */,
				E43ED50D2A77BF730075D1D6 /* Products */,
				E4CC5CA12A8FAB9100112CD4 /* Frameworks */,
			);
			sourceTree = "<group>";
		};
		E43ED50D2A77BF730075D1D6 /* Products */ = {
			isa = PBXGroup;
			children = (
				E43ED50C2A77BF730075D1D6 /* DownloadManager.app */,
			);
			name = Products;
			sourceTree = "<group>";
		};
		E43ED50E2A77BF730075D1D6 /* DownloadManager */ = {
			isa = PBXGroup;
			children = (
				E43ED5352A789C9E0075D1D6 /* UI Composers */,
				E43ED5262A77BFE00075D1D6 /* Views */,
				E43ED5232A77BFB80075D1D6 /* Controllers */,
				E43ED5322A7898DE0075D1D6 /* View Models */,
				E43ED50F2A77BF730075D1D6 /* AppDelegate.swift */,
				E43ED5112A77BF730075D1D6 /* SceneDelegate.swift */,
				E43ED5132A77BF730075D1D6 /* ViewController.swift */,
				E43ED5182A77BF750075D1D6 /* Assets.xcassets */,
				E43ED51A2A77BF750075D1D6 /* LaunchScreen.storyboard */,
				E43ED51D2A77BF750075D1D6 /* Info.plist */,
			);
			path = DownloadManager;
			sourceTree = "<group>";
		};
		E43ED5232A77BFB80075D1D6 /* Controllers */ = {
			isa = PBXGroup;
			children = (
				E43ED5242A77BFCC0075D1D6 /* DownloadManagerViewController.swift */,
				E43ED5302A77E9A90075D1D6 /* NewDownloadViewController.swift */,
			);
			name = Controllers;
			sourceTree = "<group>";
		};
		E43ED5262A77BFE00075D1D6 /* Views */ = {
			isa = PBXGroup;
			children = (
				E43ED5272A77C0060075D1D6 /* DownloadManagerViewController.xib */,
				E43ED52E2A77E9330075D1D6 /* NewDownloadViewController.xib */,
				E43ED52D2A77C87D0075D1D6 /* Cells */,
			);
			name = Views;
			sourceTree = "<group>";
		};
		E43ED52D2A77C87D0075D1D6 /* Cells */ = {
			isa = PBXGroup;
			children = (
				E43ED5292A77C4BF0075D1D6 /* DownloadCell.xib */,
				E43ED52B2A77C8780075D1D6 /* DownloadCell.swift */,
			);
			name = Cells;
			sourceTree = "<group>";
		};
		E43ED5322A7898DE0075D1D6 /* View Models */ = {
			isa = PBXGroup;
			children = (
				E43ED5332A7898F40075D1D6 /* DownloadManagerViewModel.swift */,
				E488ABCB2A78B518003DAEBF /* NewDowloadViewModel.swift */,
			);
			name = "View Models";
			sourceTree = "<group>";
		};
		E43ED5352A789C9E0075D1D6 /* UI Composers */ = {
			isa = PBXGroup;
			children = (
				E43ED5362A789CB00075D1D6 /* DownloadManagerComposer.swift */,
			);
			name = "UI Composers";
			sourceTree = "<group>";
		};
		E4CC5CA12A8FAB9100112CD4 /* Frameworks */ = {
			isa = PBXGroup;
			children = (
				E4CC5CDE2A8FB03000112CD4 /* STDownloader.framework */,
				E4CC5CA62A8FACA600112CD4 /* Downloader.framework */,
				E4CC5CA22A8FAB9100112CD4 /* Downloader.framework */,
			);
			name = Frameworks;
			sourceTree = "<group>";
		};
/* End PBXGroup section */

/* Begin PBXNativeTarget section */
		E43ED50B2A77BF730075D1D6 /* DownloadManager */ = {
			isa = PBXNativeTarget;
			buildConfigurationList = E43ED5202A77BF750075D1D6 /* Build configuration list for PBXNativeTarget "DownloadManager" */;
			buildPhases = (
				E43ED5082A77BF730075D1D6 /* Sources */,
				E43ED5092A77BF730075D1D6 /* Frameworks */,
				E43ED50A2A77BF730075D1D6 /* Resources */,
				E4CC5CE12A8FB03100112CD4 /* Embed Frameworks */,
			);
			buildRules = (
			);
			dependencies = (
			);
			name = DownloadManager;
			productName = DownloadManager;
			productReference = E43ED50C2A77BF730075D1D6 /* DownloadManager.app */;
			productType = "com.apple.product-type.application";
		};
/* End PBXNativeTarget section */

/* Begin PBXProject section */
		E43ED5042A77BF730075D1D6 /* Project object */ = {
			isa = PBXProject;
			attributes = {
				BuildIndependentTargetsInParallel = 1;
				LastSwiftUpdateCheck = 1430;
				LastUpgradeCheck = 1430;
				TargetAttributes = {
					E43ED50B2A77BF730075D1D6 = {
						CreatedOnToolsVersion = 14.3;
					};
				};
			};
			buildConfigurationList = E43ED5072A77BF730075D1D6 /* Build configuration list for PBXProject "DownloadManager" */;
			compatibilityVersion = "Xcode 14.0";
			developmentRegion = en;
			hasScannedForEncodings = 0;
			knownRegions = (
				en,
				Base,
			);
			mainGroup = E43ED5032A77BF730075D1D6;
			productRefGroup = E43ED50D2A77BF730075D1D6 /* Products */;
			projectDirPath = "";
			projectRoot = "";
			targets = (
				E43ED50B2A77BF730075D1D6 /* DownloadManager */,
			);
		};
/* End PBXProject section */

/* Begin PBXResourcesBuildPhase section */
		E43ED50A2A77BF730075D1D6 /* Resources */ = {
			isa = PBXResourcesBuildPhase;
			buildActionMask = 2147483647;
			files = (
				E43ED51C2A77BF750075D1D6 /* LaunchScreen.storyboard in Resources */,
				E43ED52A2A77C4BF0075D1D6 /* DownloadCell.xib in Resources */,
				E43ED52F2A77E9330075D1D6 /* NewDownloadViewController.xib in Resources */,
				E43ED5192A77BF750075D1D6 /* Assets.xcassets in Resources */,
				E43ED5282A77C0060075D1D6 /* DownloadManagerViewController.xib in Resources */,
			);
			runOnlyForDeploymentPostprocessing = 0;
		};
/* End PBXResourcesBuildPhase section */

/* Begin PBXSourcesBuildPhase section */
		E43ED5082A77BF730075D1D6 /* Sources */ = {
			isa = PBXSourcesBuildPhase;
			buildActionMask = 2147483647;
			files = (
				E43ED5252A77BFCC0075D1D6 /* DownloadManagerViewController.swift in Sources */,
				E43ED5312A77E9A90075D1D6 /* NewDownloadViewController.swift in Sources */,
				E43ED5342A7898F40075D1D6 /* DownloadManagerViewModel.swift in Sources */,
				E43ED5372A789CB00075D1D6 /* DownloadManagerComposer.swift in Sources */,
				E43ED5142A77BF730075D1D6 /* ViewController.swift in Sources */,
				E43ED5102A77BF730075D1D6 /* AppDelegate.swift in Sources */,
				E488ABCC2A78B518003DAEBF /* NewDowloadViewModel.swift in Sources */,
				E43ED52C2A77C8780075D1D6 /* DownloadCell.swift in Sources */,
				E43ED5122A77BF730075D1D6 /* SceneDelegate.swift in Sources */,
			);
			runOnlyForDeploymentPostprocessing = 0;
		};
/* End PBXSourcesBuildPhase section */

/* Begin PBXVariantGroup section */
		E43ED51A2A77BF750075D1D6 /* LaunchScreen.storyboard */ = {
			isa = PBXVariantGroup;
			children = (
				E43ED51B2A77BF750075D1D6 /* Base */,
			);
			name = LaunchScreen.storyboard;
			sourceTree = "<group>";
		};
/* End PBXVariantGroup section */

/* Begin XCBuildConfiguration section */
		E43ED51E2A77BF750075D1D6 /* Debug */ = {
			isa = XCBuildConfiguration;
			buildSettings = {
				ALWAYS_SEARCH_USER_PATHS = NO;
				CLANG_ANALYZER_NONNULL = YES;
				CLANG_ANALYZER_NUMBER_OBJECT_CONVERSION = YES_AGGRESSIVE;
				CLANG_CXX_LANGUAGE_STANDARD = "gnu++20";
				CLANG_ENABLE_MODULES = YES;
				CLANG_ENABLE_OBJC_ARC = YES;
				CLANG_ENABLE_OBJC_WEAK = YES;
				CLANG_WARN_BLOCK_CAPTURE_AUTORELEASING = YES;
				CLANG_WARN_BOOL_CONVERSION = YES;
				CLANG_WARN_COMMA = YES;
				CLANG_WARN_CONSTANT_CONVERSION = YES;
				CLANG_WARN_DEPRECATED_OBJC_IMPLEMENTATIONS = YES;
				CLANG_WARN_DIRECT_OBJC_ISA_USAGE = YES_ERROR;
				CLANG_WARN_DOCUMENTATION_COMMENTS = YES;
				CLANG_WARN_EMPTY_BODY = YES;
				CLANG_WARN_ENUM_CONVERSION = YES;
				CLANG_WARN_INFINITE_RECURSION = YES;
				CLANG_WARN_INT_CONVERSION = YES;
				CLANG_WARN_NON_LITERAL_NULL_CONVERSION = YES;
				CLANG_WARN_OBJC_IMPLICIT_RETAIN_SELF = YES;
				CLANG_WARN_OBJC_LITERAL_CONVERSION = YES;
				CLANG_WARN_OBJC_ROOT_CLASS = YES_ERROR;
				CLANG_WARN_QUOTED_INCLUDE_IN_FRAMEWORK_HEADER = YES;
				CLANG_WARN_RANGE_LOOP_ANALYSIS = YES;
				CLANG_WARN_STRICT_PROTOTYPES = YES;
				CLANG_WARN_SUSPICIOUS_MOVE = YES;
				CLANG_WARN_UNGUARDED_AVAILABILITY = YES_AGGRESSIVE;
				CLANG_WARN_UNREACHABLE_CODE = YES;
				CLANG_WARN__DUPLICATE_METHOD_MATCH = YES;
				COPY_PHASE_STRIP = NO;
				DEBUG_INFORMATION_FORMAT = dwarf;
				ENABLE_STRICT_OBJC_MSGSEND = YES;
				ENABLE_TESTABILITY = YES;
				GCC_C_LANGUAGE_STANDARD = gnu11;
				GCC_DYNAMIC_NO_PIC = NO;
				GCC_NO_COMMON_BLOCKS = YES;
				GCC_OPTIMIZATION_LEVEL = 0;
				GCC_PREPROCESSOR_DEFINITIONS = (
					"DEBUG=1",
					"$(inherited)",
				);
				GCC_WARN_64_TO_32_BIT_CONVERSION = YES;
				GCC_WARN_ABOUT_RETURN_TYPE = YES_ERROR;
				GCC_WARN_UNDECLARED_SELECTOR = YES;
				GCC_WARN_UNINITIALIZED_AUTOS = YES_AGGRESSIVE;
				GCC_WARN_UNUSED_FUNCTION = YES;
				GCC_WARN_UNUSED_VARIABLE = YES;
				IPHONEOS_DEPLOYMENT_TARGET = 14.0;
				MTL_ENABLE_DEBUG_INFO = INCLUDE_SOURCE;
				MTL_FAST_MATH = YES;
				ONLY_ACTIVE_ARCH = YES;
				SDKROOT = iphoneos;
				SWIFT_ACTIVE_COMPILATION_CONDITIONS = DEBUG;
				SWIFT_OPTIMIZATION_LEVEL = "-Onone";
			};
			name = Debug;
		};
		E43ED51F2A77BF750075D1D6 /* Release */ = {
			isa = XCBuildConfiguration;
			buildSettings = {
				ALWAYS_SEARCH_USER_PATHS = NO;
				CLANG_ANALYZER_NONNULL = YES;
				CLANG_ANALYZER_NUMBER_OBJECT_CONVERSION = YES_AGGRESSIVE;
				CLANG_CXX_LANGUAGE_STANDARD = "gnu++20";
				CLANG_ENABLE_MODULES = YES;
				CLANG_ENABLE_OBJC_ARC = YES;
				CLANG_ENABLE_OBJC_WEAK = YES;
				CLANG_WARN_BLOCK_CAPTURE_AUTORELEASING = YES;
				CLANG_WARN_BOOL_CONVERSION = YES;
				CLANG_WARN_COMMA = YES;
				CLANG_WARN_CONSTANT_CONVERSION = YES;
				CLANG_WARN_DEPRECATED_OBJC_IMPLEMENTATIONS = YES;
				CLANG_WARN_DIRECT_OBJC_ISA_USAGE = YES_ERROR;
				CLANG_WARN_DOCUMENTATION_COMMENTS = YES;
				CLANG_WARN_EMPTY_BODY = YES;
				CLANG_WARN_ENUM_CONVERSION = YES;
				CLANG_WARN_INFINITE_RECURSION = YES;
				CLANG_WARN_INT_CONVERSION = YES;
				CLANG_WARN_NON_LITERAL_NULL_CONVERSION = YES;
				CLANG_WARN_OBJC_IMPLICIT_RETAIN_SELF = YES;
				CLANG_WARN_OBJC_LITERAL_CONVERSION = YES;
				CLANG_WARN_OBJC_ROOT_CLASS = YES_ERROR;
				CLANG_WARN_QUOTED_INCLUDE_IN_FRAMEWORK_HEADER = YES;
				CLANG_WARN_RANGE_LOOP_ANALYSIS = YES;
				CLANG_WARN_STRICT_PROTOTYPES = YES;
				CLANG_WARN_SUSPICIOUS_MOVE = YES;
				CLANG_WARN_UNGUARDED_AVAILABILITY = YES_AGGRESSIVE;
				CLANG_WARN_UNREACHABLE_CODE = YES;
				CLANG_WARN__DUPLICATE_METHOD_MATCH = YES;
				COPY_PHASE_STRIP = NO;
				DEBUG_INFORMATION_FORMAT = "dwarf-with-dsym";
				ENABLE_NS_ASSERTIONS = NO;
				ENABLE_STRICT_OBJC_MSGSEND = YES;
				GCC_C_LANGUAGE_STANDARD = gnu11;
				GCC_NO_COMMON_BLOCKS = YES;
				GCC_WARN_64_TO_32_BIT_CONVERSION = YES;
				GCC_WARN_ABOUT_RETURN_TYPE = YES_ERROR;
				GCC_WARN_UNDECLARED_SELECTOR = YES;
				GCC_WARN_UNINITIALIZED_AUTOS = YES_AGGRESSIVE;
				GCC_WARN_UNUSED_FUNCTION = YES;
				GCC_WARN_UNUSED_VARIABLE = YES;
				IPHONEOS_DEPLOYMENT_TARGET = 14.0;
				MTL_ENABLE_DEBUG_INFO = NO;
				MTL_FAST_MATH = YES;
				SDKROOT = iphoneos;
				SWIFT_COMPILATION_MODE = wholemodule;
				SWIFT_OPTIMIZATION_LEVEL = "-O";
				VALIDATE_PRODUCT = YES;
			};
			name = Release;
		};
		E43ED5212A77BF750075D1D6 /* Debug */ = {
			isa = XCBuildConfiguration;
			buildSettings = {
				ASSETCATALOG_COMPILER_APPICON_NAME = AppIcon;
				ASSETCATALOG_COMPILER_GLOBAL_ACCENT_COLOR_NAME = AccentColor;
				CODE_SIGN_STYLE = Automatic;
				CURRENT_PROJECT_VERSION = 1;
				DEVELOPMENT_TEAM = S4KR3NFQ27;
				GENERATE_INFOPLIST_FILE = YES;
				INFOPLIST_FILE = DownloadManager/Info.plist;
				INFOPLIST_KEY_UIApplicationSupportsIndirectInputEvents = YES;
				INFOPLIST_KEY_UILaunchStoryboardName = LaunchScreen;
				INFOPLIST_KEY_UISupportedInterfaceOrientations_iPad = "UIInterfaceOrientationPortrait UIInterfaceOrientationPortraitUpsideDown UIInterfaceOrientationLandscapeLeft UIInterfaceOrientationLandscapeRight";
				INFOPLIST_KEY_UISupportedInterfaceOrientations_iPhone = "UIInterfaceOrientationPortrait UIInterfaceOrientationLandscapeLeft UIInterfaceOrientationLandscapeRight";
				LD_RUNPATH_SEARCH_PATHS = (
					"$(inherited)",
					"@executable_path/Frameworks",
				);
				MARKETING_VERSION = 1.0;
				PRODUCT_BUNDLE_IDENTIFIER = st.dev.DownloadManager;
				PRODUCT_NAME = "$(TARGET_NAME)";
				SUPPORTED_PLATFORMS = "iphoneos iphonesimulator";
				SUPPORTS_MACCATALYST = NO;
				SUPPORTS_MAC_DESIGNED_FOR_IPHONE_IPAD = NO;
				SWIFT_EMIT_LOC_STRINGS = YES;
				SWIFT_VERSION = 5.0;
				TARGETED_DEVICE_FAMILY = 1;
			};
			name = Debug;
		};
		E43ED5222A77BF750075D1D6 /* Release */ = {
			isa = XCBuildConfiguration;
			buildSettings = {
				ASSETCATALOG_COMPILER_APPICON_NAME = AppIcon;
				ASSETCATALOG_COMPILER_GLOBAL_ACCENT_COLOR_NAME = AccentColor;
				CODE_SIGN_STYLE = Automatic;
				CURRENT_PROJECT_VERSION = 1;
				DEVELOPMENT_TEAM = S4KR3NFQ27;
				GENERATE_INFOPLIST_FILE = YES;
				INFOPLIST_FILE = DownloadManager/Info.plist;
				INFOPLIST_KEY_UIApplicationSupportsIndirectInputEvents = YES;
				INFOPLIST_KEY_UILaunchStoryboardName = LaunchScreen;
				INFOPLIST_KEY_UISupportedInterfaceOrientations_iPad = "UIInterfaceOrientationPortrait UIInterfaceOrientationPortraitUpsideDown UIInterfaceOrientationLandscapeLeft UIInterfaceOrientationLandscapeRight";
				INFOPLIST_KEY_UISupportedInterfaceOrientations_iPhone = "UIInterfaceOrientationPortrait UIInterfaceOrientationLandscapeLeft UIInterfaceOrientationLandscapeRight";
				LD_RUNPATH_SEARCH_PATHS = (
					"$(inherited)",
					"@executable_path/Frameworks",
				);
				MARKETING_VERSION = 1.0;
				PRODUCT_BUNDLE_IDENTIFIER = st.dev.DownloadManager;
				PRODUCT_NAME = "$(TARGET_NAME)";
				SUPPORTED_PLATFORMS = "iphoneos iphonesimulator";
				SUPPORTS_MACCATALYST = NO;
				SUPPORTS_MAC_DESIGNED_FOR_IPHONE_IPAD = NO;
				SWIFT_EMIT_LOC_STRINGS = YES;
				SWIFT_VERSION = 5.0;
				TARGETED_DEVICE_FAMILY = 1;
			};
			name = Release;
		};
/* End XCBuildConfiguration section */

/* Begin XCConfigurationList section */
		E43ED5072A77BF730075D1D6 /* Build configuration list for PBXProject "DownloadManager" */ = {
			isa = XCConfigurationList;
			buildConfigurations = (
				E43ED51E2A77BF750075D1D6 /* Debug */,
				E43ED51F2A77BF750075D1D6 /* Release */,
			);
			defaultConfigurationIsVisible = 0;
			defaultConfigurationName = Release;
		};
		E43ED5202A77BF750075D1D6 /* Build configuration list for PBXNativeTarget "DownloadManager" */ = {
			isa = XCConfigurationList;
			buildConfigurations = (
				E43ED5212A77BF750075D1D6 /* Debug */,
				E43ED5222A77BF750075D1D6 /* Release */,
			);
			defaultConfigurationIsVisible = 0;
			defaultConfigurationName = Release;
		};
/* End XCConfigurationList section */
	};
	rootObject = E43ED5042A77BF730075D1D6 /* Project object */;
}
